
Microsoft Visual Studio Solution File, Format Version 12.00
# Visual Studio 15
VisualStudioVersion = 15.0.27703.2042
MinimumVisualStudioVersion = 10.0.40219.1
Project("{FAE04EC0-301F-11D3-BF4B-00C04F79EFBC}") = "Service", "Service\Service.csproj", "{D50DC748-F312-4097-AD86-45DDDC38C0E1}"
EndProject
Project("{FAE04EC0-301F-11D3-BF4B-00C04F79EFBC}") = "Clinet", "Clinet\Clinet.csproj", "{720B673F-7CFC-4537-839C-5C606D912936}"
EndProject
Project("{2150E333-8FDC-42A3-9474-1A3956D46DE8}") = "基础版", "基础版", "{121F5734-C4C5-4EE1-A2DA-B6141CD73B1C}"
EndProject
Project("{2150E333-8FDC-42A3-9474-1A3956D46DE8}") = "中级版", "中级版", "{58376438-9216-4AFF-9698-61D0FE604874}"
EndProject
Project("{FAE04EC0-301F-11D3-BF4B-00C04F79EFBC}") = "RabbitMQUtility", "RabbitMQUtility\RabbitMQUtility.csproj", "{9424569B-F16C-48B1-8926-5DA40075D6EC}"
EndProject
Project("{FAE04EC0-301F-11D3-BF4B-00C04F79EFBC}") = "RabbitMQUtilityClient", "RabbitMQUtilityClient\RabbitMQUtilityClient.csproj", "{40183828-45E7-4671-BAB3-B8BEE1EF764B}"
EndProject
Project("{FAE04EC0-301F-11D3-BF4B-00C04F79EFBC}") = "RabbitMQUtilityService", "RabbitMQUtilityService\RabbitMQUtilityService.csproj", "{77EE0C4E-EE76-481E-A189-8E0C1F3FF9EB}"
EndProject
Global
	GlobalSection(SolutionConfigurationPlatforms) = preSolution
		Debug|Any CPU = Debug|Any CPU
		Release|Any CPU = Release|Any CPU
	EndGlobalSection
	GlobalSection(ProjectConfigurationPlatforms) = postSolution
		{D50DC748-F312-4097-AD86-45DDDC38C0E1}.Debug|Any CPU.ActiveCfg = Debug|Any CPU
		{D50DC748-F312-4097-AD86-45DDDC38C0E1}.Debug|Any CPU.Build.0 = Debug|Any CPU
		{D50DC748-F312-4097-AD86-45DDDC38C0E1}.Release|Any CPU.ActiveCfg = Release|Any CPU
		{D50DC748-F312-4097-AD86-45DDDC38C0E1}.Release|Any CPU.Build.0 = Release|Any CPU
		{720B673F-7CFC-4537-839C-5C606D912936}.Debug|Any CPU.ActiveCfg = Debug|Any CPU
		{720B673F-7CFC-4537-839C-5C606D912936}.Debug|Any CPU.Build.0 = Debug|Any CPU
		{720B673F-7CFC-4537-839C-5C606D912936}.Release|Any CPU.ActiveCfg = Release|Any CPU
		{720B673F-7CFC-4537-839C-5C606D912936}.Release|Any CPU.Build.0 = Release|Any CPU
		{9424569B-F16C-48B1-8926-5DA40075D6EC}.Debug|Any CPU.ActiveCfg = Debug|Any CPU
		{9424569B-F16C-48B1-8926-5DA40075D6EC}.Debug|Any CPU.Build.0 = Debug|Any CPU
		{9424569B-F16C-48B1-8926-5DA40075D6EC}.Release|Any CPU.ActiveCfg = Release|Any CPU
		{9424569B-F16C-48B1-8926-5DA40075D6EC}.Release|Any CPU.Build.0 = Release|Any CPU
		{40183828-45E7-4671-BAB3-B8BEE1EF764B}.Debug|Any CPU.ActiveCfg = Debug|Any CPU
		{40183828-45E7-4671-BAB3-B8BEE1EF764B}.Debug|Any CPU.Build.0 = Debug|Any CPU
		{40183828-45E7-4671-BAB3-B8BEE1EF764B}.Release|Any CPU.ActiveCfg = Release|Any CPU
		{40183828-45E7-4671-BAB3-B8BEE1EF764B}.Release|Any CPU.Build.0 = Release|Any CPU
		{77EE0C4E-EE76-481E-A189-8E0C1F3FF9EB}.Debug|Any CPU.ActiveCfg = Debug|Any CPU
		{77EE0C4E-EE76-481E-A189-8E0C1F3FF9EB}.Debug|Any CPU.Build.0 = Debug|Any CPU
		{77EE0C4E-EE76-481E-A189-8E0C1F3FF9EB}.Release|Any CPU.ActiveCfg = Release|Any CPU
		{77EE0C4E-EE76-481E-A189-8E0C1F3FF9EB}.Release|Any CPU.Build.0 = Release|Any CPU
	EndGlobalSection
	GlobalSection(SolutionProperties) = preSolution
		HideSolutionNode = FALSE
	EndGlobalSection
	GlobalSection(NestedProjects) = preSolution
		{D50DC748-F312-4097-AD86-45DDDC38C0E1} = {121F5734-C4C5-4EE1-A2DA-B6141CD73B1C}
		{720B673F-7CFC-4537-839C-5C606D912936} = {121F5734-C4C5-4EE1-A2DA-B6141CD73B1C}
		{9424569B-F16C-48B1-8926-5DA40075D6EC} = {58376438-9216-4AFF-9698-61D0FE604874}
		{40183828-45E7-4671-BAB3-B8BEE1EF764B} = {58376438-9216-4AFF-9698-61D0FE604874}
		{77EE0C4E-EE76-481E-A189-8E0C1F3FF9EB} = {58376438-9216-4AFF-9698-61D0FE604874}
	EndGlobalSection
	GlobalSection(ExtensibilityGlobals) = postSolution
		SolutionGuid = {8380E324-8472-415F-9D72-CCD872EC8F58}
	EndGlobalSection
EndGlobal
